
Microsoft Visual Studio Solution File, Format Version 12.00
# Visual Studio 15
VisualStudioVersion = 15.0.28307.1062
MinimumVisualStudioVersion = 10.0.40219.1
Project("{2150E333-8FDC-42A3-9474-1A3956D46DE8}") = "Solution Items", "Solution Items", "{C54B85DC-F67F-4703-B2C3-D3F37D5279DB}"
	ProjectSection(SolutionItems) = preProject
		pruebaGit.html = pruebaGit.html
	EndProjectSection
EndProject
Global
	GlobalSection(SolutionProperties) = preSolution
		HideSolutionNode = FALSE
	EndGlobalSection
	GlobalSection(ExtensibilityGlobals) = postSolution
		SolutionGuid = {A8EDF74C-0997-4504-81E4-F57D67E8057A}
	EndGlobalSection
EndGlobal
